// !$*UTF8*$!
{
	archiveVersion = 1;
	classes = {
	};
	objectVersion = 50;
	objects = {

/* Begin PBXBuildFile section */
		7F0B7D14249F45C000EBFB9F /* CollectionPhoto.swift in Sources */ = {isa = PBXBuildFile; fileRef = 7F0B7D13249F45C000EBFB9F /* CollectionPhoto.swift */; };
		7F0B7D16249F467D00EBFB9F /* CollectionCellPhoto.swift in Sources */ = {isa = PBXBuildFile; fileRef = 7F0B7D15249F467D00EBFB9F /* CollectionCellPhoto.swift */; };
		7F0B7D1C24A02D2B00EBFB9F /* TableFriend.swift in Sources */ = {isa = PBXBuildFile; fileRef = 7F0B7D1B24A02D2B00EBFB9F /* TableFriend.swift */; };
		7F17A557249E78D500BE22FB /* TableVCellMyGroup.swift in Sources */ = {isa = PBXBuildFile; fileRef = 7F17A556249E78D500BE22FB /* TableVCellMyGroup.swift */; };
		7F17A55B249E83E000BE22FB /* Добрыня.png in Resources */ = {isa = PBXBuildFile; fileRef = 7F17A558249E83DF00BE22FB /* Добрыня.png */; };
		7F17A55C249E83E000BE22FB /* Илья.png in Resources */ = {isa = PBXBuildFile; fileRef = 7F17A559249E83E000BE22FB /* Илья.png */; };
		7F17A55D249E83E000BE22FB /* Алеша.png in Resources */ = {isa = PBXBuildFile; fileRef = 7F17A55A249E83E000BE22FB /* Алеша.png */; };
		7F17A563249E90D000BE22FB /* Кони.png in Resources */ = {isa = PBXBuildFile; fileRef = 7F17A560249E90D000BE22FB /* Кони.png */; };
		7F17A564249E90D000BE22FB /* Принцессы.png in Resources */ = {isa = PBXBuildFile; fileRef = 7F17A561249E90D000BE22FB /* Принцессы.png */; };
		7F17A565249E90D000BE22FB /* Драконы.png in Resources */ = {isa = PBXBuildFile; fileRef = 7F17A562249E90D000BE22FB /* Драконы.png */; };
		7FBC5A0E24A3C203008179DA /* OnePhotoFriend.swift in Sources */ = {isa = PBXBuildFile; fileRef = 7FBC5A0D24A3C203008179DA /* OnePhotoFriend.swift */; };
		7FD8CC02249E2CEE004770D1 /* TableCellFriend.swift in Sources */ = {isa = PBXBuildFile; fileRef = 7FD8CC01249E2CEE004770D1 /* TableCellFriend.swift */; };
		7FD8CC05249E3490004770D1 /* OneUser.swift in Sources */ = {isa = PBXBuildFile; fileRef = 7FD8CC04249E3490004770D1 /* OneUser.swift */; };
		7FD8CC07249E3B01004770D1 /* OneGroup.swift in Sources */ = {isa = PBXBuildFile; fileRef = 7FD8CC06249E3B01004770D1 /* OneGroup.swift */; };
		7FD8CC09249E3BF5004770D1 /* TableCellGroup.swift in Sources */ = {isa = PBXBuildFile; fileRef = 7FD8CC08249E3BF5004770D1 /* TableCellGroup.swift */; };
		7FD8CC0B249E3C7E004770D1 /* TableAllGroup.swift in Sources */ = {isa = PBXBuildFile; fileRef = 7FD8CC0A249E3C7E004770D1 /* TableAllGroup.swift */; };
		7FD8CC0D249E4623004770D1 /* TableMyGroup.swift in Sources */ = {isa = PBXBuildFile; fileRef = 7FD8CC0C249E4623004770D1 /* TableMyGroup.swift */; };
		7FDB3DA6249257DD002B6620 /* AppDelegate.swift in Sources */ = {isa = PBXBuildFile; fileRef = 7FDB3DA5249257DD002B6620 /* AppDelegate.swift */; };
		7FDB3DA8249257DD002B6620 /* SceneDelegate.swift in Sources */ = {isa = PBXBuildFile; fileRef = 7FDB3DA7249257DD002B6620 /* SceneDelegate.swift */; };
		7FDB3DAD249257DD002B6620 /* Main.storyboard in Resources */ = {isa = PBXBuildFile; fileRef = 7FDB3DAB249257DD002B6620 /* Main.storyboard */; };
		7FDB3DAF249257E3002B6620 /* Assets.xcassets in Resources */ = {isa = PBXBuildFile; fileRef = 7FDB3DAE249257E3002B6620 /* Assets.xcassets */; };
		7FDB3DB2249257E3002B6620 /* LaunchScreen.storyboard in Resources */ = {isa = PBXBuildFile; fileRef = 7FDB3DB0249257E3002B6620 /* LaunchScreen.storyboard */; };
		7FDB3DBE249407EC002B6620 /* loginFormController.swift in Sources */ = {isa = PBXBuildFile; fileRef = 7FDB3DBD249407EC002B6620 /* loginFormController.swift */; };
/* End PBXBuildFile section */

/* Begin PBXFileReference section */
		7F0B7D13249F45C000EBFB9F /* CollectionPhoto.swift */ = {isa = PBXFileReference; lastKnownFileType = sourcecode.swift; path = CollectionPhoto.swift; sourceTree = "<group>"; };
		7F0B7D15249F467D00EBFB9F /* CollectionCellPhoto.swift */ = {isa = PBXFileReference; lastKnownFileType = sourcecode.swift; path = CollectionCellPhoto.swift; sourceTree = "<group>"; };
		7F0B7D1B24A02D2B00EBFB9F /* TableFriend.swift */ = {isa = PBXFileReference; lastKnownFileType = sourcecode.swift; path = TableFriend.swift; sourceTree = "<group>"; };
		7F17A556249E78D500BE22FB /* TableVCellMyGroup.swift */ = {isa = PBXFileReference; lastKnownFileType = sourcecode.swift; path = TableVCellMyGroup.swift; sourceTree = "<group>"; };
		7F17A558249E83DF00BE22FB /* Добрыня.png */ = {isa = PBXFileReference; lastKnownFileType = image.png; name = "Добрыня.png"; path = "Lesson1/Model/PhotoUser/Добрыня.png"; sourceTree = SOURCE_ROOT; };
		7F17A559249E83E000BE22FB /* Илья.png */ = {isa = PBXFileReference; lastKnownFileType = image.png; name = "Илья.png"; path = "Lesson1/Model/PhotoUser/Илья.png"; sourceTree = SOURCE_ROOT; };
		7F17A55A249E83E000BE22FB /* Алеша.png */ = {isa = PBXFileReference; lastKnownFileType = image.png; name = "Алеша.png"; path = "Lesson1/Model/PhotoUser/Алеша.png"; sourceTree = SOURCE_ROOT; };
		7F17A560249E90D000BE22FB /* Кони.png */ = {isa = PBXFileReference; lastKnownFileType = image.png; path = "Кони.png"; sourceTree = "<group>"; };
		7F17A561249E90D000BE22FB /* Принцессы.png */ = {isa = PBXFileReference; lastKnownFileType = image.png; path = "Принцессы.png"; sourceTree = "<group>"; };
		7F17A562249E90D000BE22FB /* Драконы.png */ = {isa = PBXFileReference; lastKnownFileType = image.png; path = "Драконы.png"; sourceTree = "<group>"; };
		7FBC5A0D24A3C203008179DA /* OnePhotoFriend.swift */ = {isa = PBXFileReference; lastKnownFileType = sourcecode.swift; path = OnePhotoFriend.swift; sourceTree = "<group>"; };
		7FD8CC01249E2CEE004770D1 /* TableCellFriend.swift */ = {isa = PBXFileReference; lastKnownFileType = sourcecode.swift; path = TableCellFriend.swift; sourceTree = "<group>"; };
		7FD8CC04249E3490004770D1 /* OneUser.swift */ = {isa = PBXFileReference; lastKnownFileType = sourcecode.swift; path = OneUser.swift; sourceTree = "<group>"; };
		7FD8CC06249E3B01004770D1 /* OneGroup.swift */ = {isa = PBXFileReference; lastKnownFileType = sourcecode.swift; path = OneGroup.swift; sourceTree = "<group>"; };
		7FD8CC08249E3BF5004770D1 /* TableCellGroup.swift */ = {isa = PBXFileReference; lastKnownFileType = sourcecode.swift; path = TableCellGroup.swift; sourceTree = "<group>"; };
		7FD8CC0A249E3C7E004770D1 /* TableAllGroup.swift */ = {isa = PBXFileReference; lastKnownFileType = sourcecode.swift; path = TableAllGroup.swift; sourceTree = "<group>"; };
		7FD8CC0C249E4623004770D1 /* TableMyGroup.swift */ = {isa = PBXFileReference; lastKnownFileType = sourcecode.swift; path = TableMyGroup.swift; sourceTree = "<group>"; };
		7FDB3DA2249257DD002B6620 /* Lesson1.app */ = {isa = PBXFileReference; explicitFileType = wrapper.application; includeInIndex = 0; path = Lesson1.app; sourceTree = BUILT_PRODUCTS_DIR; };
		7FDB3DA5249257DD002B6620 /* AppDelegate.swift */ = {isa = PBXFileReference; lastKnownFileType = sourcecode.swift; path = AppDelegate.swift; sourceTree = "<group>"; };
		7FDB3DA7249257DD002B6620 /* SceneDelegate.swift */ = {isa = PBXFileReference; lastKnownFileType = sourcecode.swift; path = SceneDelegate.swift; sourceTree = "<group>"; };
		7FDB3DAC249257DD002B6620 /* Base */ = {isa = PBXFileReference; lastKnownFileType = file.storyboard; name = Base; path = Base.lproj/Main.storyboard; sourceTree = "<group>"; };
		7FDB3DAE249257E3002B6620 /* Assets.xcassets */ = {isa = PBXFileReference; lastKnownFileType = folder.assetcatalog; path = Assets.xcassets; sourceTree = "<group>"; };
		7FDB3DB1249257E3002B6620 /* Base */ = {isa = PBXFileReference; lastKnownFileType = file.storyboard; name = Base; path = Base.lproj/LaunchScreen.storyboard; sourceTree = "<group>"; };
		7FDB3DB3249257E3002B6620 /* Info.plist */ = {isa = PBXFileReference; lastKnownFileType = text.plist.xml; path = Info.plist; sourceTree = "<group>"; };
		7FDB3DBD249407EC002B6620 /* loginFormController.swift */ = {isa = PBXFileReference; lastKnownFileType = sourcecode.swift; path = loginFormController.swift; sourceTree = "<group>"; };
/* End PBXFileReference section */

/* Begin PBXFrameworksBuildPhase section */
		7FDB3D9F249257DD002B6620 /* Frameworks */ = {
			isa = PBXFrameworksBuildPhase;
			buildActionMask = 2147483647;
			files = (
			);
			runOnlyForDeploymentPostprocessing = 0;
		};
/* End PBXFrameworksBuildPhase section */

/* Begin PBXGroup section */
		7F0B7D11249F456000EBFB9F /* GroupView */ = {
			isa = PBXGroup;
			children = (
				7FD8CC0A249E3C7E004770D1 /* TableAllGroup.swift */,
				7FD8CC0C249E4623004770D1 /* TableMyGroup.swift */,
				7FD8CC08249E3BF5004770D1 /* TableCellGroup.swift */,
				7F17A556249E78D500BE22FB /* TableVCellMyGroup.swift */,
			);
			path = GroupView;
			sourceTree = "<group>";
		};
		7F0B7D12249F457D00EBFB9F /* Friend */ = {
			isa = PBXGroup;
			children = (
				7FD8CC01249E2CEE004770D1 /* TableCellFriend.swift */,
				7F0B7D15249F467D00EBFB9F /* CollectionCellPhoto.swift */,
				7FBC5A0D24A3C203008179DA /* OnePhotoFriend.swift */,
				7F0B7D1B24A02D2B00EBFB9F /* TableFriend.swift */,
				7F0B7D13249F45C000EBFB9F /* CollectionPhoto.swift */,
			);
			path = Friend;
			sourceTree = "<group>";
		};
		7F17A55F249E902300BE22FB /* PhotoGroup */ = {
			isa = PBXGroup;
			children = (
				7F17A562249E90D000BE22FB /* Драконы.png */,
				7F17A560249E90D000BE22FB /* Кони.png */,
				7F17A561249E90D000BE22FB /* Принцессы.png */,
			);
			path = PhotoGroup;
			sourceTree = "<group>";
		};
		7FD8CC03249E3350004770D1 /* Model */ = {
			isa = PBXGroup;
			children = (
				7F17A55F249E902300BE22FB /* PhotoGroup */,
				7FD8CC0E249E5645004770D1 /* PhotoUser */,
				7FD8CC04249E3490004770D1 /* OneUser.swift */,
				7FD8CC06249E3B01004770D1 /* OneGroup.swift */,
			);
			path = Model;
			sourceTree = "<group>";
		};
		7FD8CC0E249E5645004770D1 /* PhotoUser */ = {
			isa = PBXGroup;
			children = (
				7F17A55A249E83E000BE22FB /* Алеша.png */,
				7F17A558249E83DF00BE22FB /* Добрыня.png */,
				7F17A559249E83E000BE22FB /* Илья.png */,
			);
			path = PhotoUser;
			sourceTree = "<group>";
		};
		7FDB3D99249257DD002B6620 = {
			isa = PBXGroup;
			children = (
				7FDB3DA4249257DD002B6620 /* Lesson1 */,
				7FDB3DA3249257DD002B6620 /* Products */,
			);
			sourceTree = "<group>";
		};
		7FDB3DA3249257DD002B6620 /* Products */ = {
			isa = PBXGroup;
			children = (
				7FDB3DA2249257DD002B6620 /* Lesson1.app */,
			);
			name = Products;
			sourceTree = "<group>";
		};
		7FDB3DA4249257DD002B6620 /* Lesson1 */ = {
			isa = PBXGroup;
			children = (
				7FDB3DBD249407EC002B6620 /* loginFormController.swift */,
				7FDB3DA5249257DD002B6620 /* AppDelegate.swift */,
				7FDB3DA7249257DD002B6620 /* SceneDelegate.swift */,
				7F0B7D12249F457D00EBFB9F /* Friend */,
				7F0B7D11249F456000EBFB9F /* GroupView */,
				7FD8CC03249E3350004770D1 /* Model */,
				7FDB3DAE249257E3002B6620 /* Assets.xcassets */,
				7FDB3DAB249257DD002B6620 /* Main.storyboard */,
				7FDB3DB0249257E3002B6620 /* LaunchScreen.storyboard */,
				7FDB3DB3249257E3002B6620 /* Info.plist */,
			);
			path = Lesson1;
			sourceTree = "<group>";
		};
/* End PBXGroup section */

/* Begin PBXNativeTarget section */
		7FDB3DA1249257DD002B6620 /* Lesson1 */ = {
			isa = PBXNativeTarget;
			buildConfigurationList = 7FDB3DB6249257E3002B6620 /* Build configuration list for PBXNativeTarget "Lesson1" */;
			buildPhases = (
				7FDB3D9E249257DD002B6620 /* Sources */,
				7FDB3D9F249257DD002B6620 /* Frameworks */,
				7FDB3DA0249257DD002B6620 /* Resources */,
			);
			buildRules = (
			);
			dependencies = (
			);
			name = Lesson1;
			productName = Lesson1;
			productReference = 7FDB3DA2249257DD002B6620 /* Lesson1.app */;
			productType = "com.apple.product-type.application";
		};
/* End PBXNativeTarget section */

/* Begin PBXProject section */
		7FDB3D9A249257DD002B6620 /* Project object */ = {
			isa = PBXProject;
			attributes = {
				LastSwiftUpdateCheck = 1150;
				LastUpgradeCheck = 1150;
				ORGANIZATIONNAME = "Егор Ненастьев";
				TargetAttributes = {
					7FDB3DA1249257DD002B6620 = {
						CreatedOnToolsVersion = 11.5;
					};
				};
			};
			buildConfigurationList = 7FDB3D9D249257DD002B6620 /* Build configuration list for PBXProject "Lesson1" */;
			compatibilityVersion = "Xcode 9.3";
			developmentRegion = en;
			hasScannedForEncodings = 0;
			knownRegions = (
				en,
				Base,
			);
			mainGroup = 7FDB3D99249257DD002B6620;
			productRefGroup = 7FDB3DA3249257DD002B6620 /* Products */;
			projectDirPath = "";
			projectRoot = "";
			targets = (
				7FDB3DA1249257DD002B6620 /* Lesson1 */,
			);
		};
/* End PBXProject section */

/* Begin PBXResourcesBuildPhase section */
		7FDB3DA0249257DD002B6620 /* Resources */ = {
			isa = PBXResourcesBuildPhase;
			buildActionMask = 2147483647;
			files = (
				7F17A55B249E83E000BE22FB /* Добрыня.png in Resources */,
				7FDB3DB2249257E3002B6620 /* LaunchScreen.storyboard in Resources */,
				7F17A55D249E83E000BE22FB /* Алеша.png in Resources */,
				7F17A563249E90D000BE22FB /* Кони.png in Resources */,
				7F17A565249E90D000BE22FB /* Драконы.png in Resources */,
				7F17A564249E90D000BE22FB /* Принцессы.png in Resources */,
				7F17A55C249E83E000BE22FB /* Илья.png in Resources */,
				7FDB3DAF249257E3002B6620 /* Assets.xcassets in Resources */,
				7FDB3DAD249257DD002B6620 /* Main.storyboard in Resources */,
			);
			runOnlyForDeploymentPostprocessing = 0;
		};
/* End PBXResourcesBuildPhase section */

/* Begin PBXSourcesBuildPhase section */
		7FDB3D9E249257DD002B6620 /* Sources */ = {
			isa = PBXSourcesBuildPhase;
			buildActionMask = 2147483647;
			files = (
				7F0B7D16249F467D00EBFB9F /* CollectionCellPhoto.swift in Sources */,
				7FBC5A0E24A3C203008179DA /* OnePhotoFriend.swift in Sources */,
				7FDB3DA6249257DD002B6620 /* AppDelegate.swift in Sources */,
				7FDB3DA8249257DD002B6620 /* SceneDelegate.swift in Sources */,
				7FD8CC0B249E3C7E004770D1 /* TableAllGroup.swift in Sources */,
				7FDB3DBE249407EC002B6620 /* loginFormController.swift in Sources */,
				7FD8CC02249E2CEE004770D1 /* TableCellFriend.swift in Sources */,
				7FD8CC09249E3BF5004770D1 /* TableCellGroup.swift in Sources */,
				7F17A557249E78D500BE22FB /* TableVCellMyGroup.swift in Sources */,
				7FD8CC07249E3B01004770D1 /* OneGroup.swift in Sources */,
				7FD8CC0D249E4623004770D1 /* TableMyGroup.swift in Sources */,
				7F0B7D14249F45C000EBFB9F /* CollectionPhoto.swift in Sources */,
				7FD8CC05249E3490004770D1 /* OneUser.swift in Sources */,
				7F0B7D1C24A02D2B00EBFB9F /* TableFriend.swift in Sources */,
			);
			runOnlyForDeploymentPostprocessing = 0;
		};
/* End PBXSourcesBuildPhase section */

/* Begin PBXVariantGroup section */
		7FDB3DAB249257DD002B6620 /* Main.storyboard */ = {
			isa = PBXVariantGroup;
			children = (
				7FDB3DAC249257DD002B6620 /* Base */,
			);
			name = Main.storyboard;
			sourceTree = "<group>";
		};
		7FDB3DB0249257E3002B6620 /* LaunchScreen.storyboard */ = {
			isa = PBXVariantGroup;
			children = (
				7FDB3DB1249257E3002B6620 /* Base */,
			);
			name = LaunchScreen.storyboard;
			sourceTree = "<group>";
		};
/* End PBXVariantGroup section */

/* Begin XCBuildConfiguration section */
		7FDB3DB4249257E3002B6620 /* Debug */ = {
			isa = XCBuildConfiguration;
			buildSettings = {
				ALWAYS_SEARCH_USER_PATHS = NO;
				CLANG_ANALYZER_NONNULL = YES;
				CLANG_ANALYZER_NUMBER_OBJECT_CONVERSION = YES_AGGRESSIVE;
				CLANG_CXX_LANGUAGE_STANDARD = "gnu++14";
				CLANG_CXX_LIBRARY = "libc++";
				CLANG_ENABLE_MODULES = YES;
				CLANG_ENABLE_OBJC_ARC = YES;
				CLANG_ENABLE_OBJC_WEAK = YES;
				CLANG_WARN_BLOCK_CAPTURE_AUTORELEASING = YES;
				CLANG_WARN_BOOL_CONVERSION = YES;
				CLANG_WARN_COMMA = YES;
				CLANG_WARN_CONSTANT_CONVERSION = YES;
				CLANG_WARN_DEPRECATED_OBJC_IMPLEMENTATIONS = YES;
				CLANG_WARN_DIRECT_OBJC_ISA_USAGE = YES_ERROR;
				CLANG_WARN_DOCUMENTATION_COMMENTS = YES;
				CLANG_WARN_EMPTY_BODY = YES;
				CLANG_WARN_ENUM_CONVERSION = YES;
				CLANG_WARN_INFINITE_RECURSION = YES;
				CLANG_WARN_INT_CONVERSION = YES;
				CLANG_WARN_NON_LITERAL_NULL_CONVERSION = YES;
				CLANG_WARN_OBJC_IMPLICIT_RETAIN_SELF = YES;
				CLANG_WARN_OBJC_LITERAL_CONVERSION = YES;
				CLANG_WARN_OBJC_ROOT_CLASS = YES_ERROR;
				CLANG_WARN_RANGE_LOOP_ANALYSIS = YES;
				CLANG_WARN_STRICT_PROTOTYPES = YES;
				CLANG_WARN_SUSPICIOUS_MOVE = YES;
				CLANG_WARN_UNGUARDED_AVAILABILITY = YES_AGGRESSIVE;
				CLANG_WARN_UNREACHABLE_CODE = YES;
				CLANG_WARN__DUPLICATE_METHOD_MATCH = YES;
				COPY_PHASE_STRIP = NO;
				DEBUG_INFORMATION_FORMAT = dwarf;
				ENABLE_STRICT_OBJC_MSGSEND = YES;
				ENABLE_TESTABILITY = YES;
				GCC_C_LANGUAGE_STANDARD = gnu11;
				GCC_DYNAMIC_NO_PIC = NO;
				GCC_NO_COMMON_BLOCKS = YES;
				GCC_OPTIMIZATION_LEVEL = 0;
				GCC_PREPROCESSOR_DEFINITIONS = (
					"DEBUG=1",
					"$(inherited)",
				);
				GCC_WARN_64_TO_32_BIT_CONVERSION = YES;
				GCC_WARN_ABOUT_RETURN_TYPE = YES_ERROR;
				GCC_WARN_UNDECLARED_SELECTOR = YES;
				GCC_WARN_UNINITIALIZED_AUTOS = YES_AGGRESSIVE;
				GCC_WARN_UNUSED_FUNCTION = YES;
				GCC_WARN_UNUSED_VARIABLE = YES;
				IPHONEOS_DEPLOYMENT_TARGET = 13.5;
				MTL_ENABLE_DEBUG_INFO = INCLUDE_SOURCE;
				MTL_FAST_MATH = YES;
				ONLY_ACTIVE_ARCH = YES;
				SDKROOT = iphoneos;
				SWIFT_ACTIVE_COMPILATION_CONDITIONS = DEBUG;
				SWIFT_OPTIMIZATION_LEVEL = "-Onone";
			};
			name = Debug;
		};
		7FDB3DB5249257E3002B6620 /* Release */ = {
			isa = XCBuildConfiguration;
			buildSettings = {
				ALWAYS_SEARCH_USER_PATHS = NO;
				CLANG_ANALYZER_NONNULL = YES;
				CLANG_ANALYZER_NUMBER_OBJECT_CONVERSION = YES_AGGRESSIVE;
				CLANG_CXX_LANGUAGE_STANDARD = "gnu++14";
				CLANG_CXX_LIBRARY = "libc++";
				CLANG_ENABLE_MODULES = YES;
				CLANG_ENABLE_OBJC_ARC = YES;
				CLANG_ENABLE_OBJC_WEAK = YES;
				CLANG_WARN_BLOCK_CAPTURE_AUTORELEASING = YES;
				CLANG_WARN_BOOL_CONVERSION = YES;
				CLANG_WARN_COMMA = YES;
				CLANG_WARN_CONSTANT_CONVERSION = YES;
				CLANG_WARN_DEPRECATED_OBJC_IMPLEMENTATIONS = YES;
				CLANG_WARN_DIRECT_OBJC_ISA_USAGE = YES_ERROR;
				CLANG_WARN_DOCUMENTATION_COMMENTS = YES;
				CLANG_WARN_EMPTY_BODY = YES;
				CLANG_WARN_ENUM_CONVERSION = YES;
				CLANG_WARN_INFINITE_RECURSION = YES;
				CLANG_WARN_INT_CONVERSION = YES;
				CLANG_WARN_NON_LITERAL_NULL_CONVERSION = YES;
				CLANG_WARN_OBJC_IMPLICIT_RETAIN_SELF = YES;
				CLANG_WARN_OBJC_LITERAL_CONVERSION = YES;
				CLANG_WARN_OBJC_ROOT_CLASS = YES_ERROR;
				CLANG_WARN_RANGE_LOOP_ANALYSIS = YES;
				CLANG_WARN_STRICT_PROTOTYPES = YES;
				CLANG_WARN_SUSPICIOUS_MOVE = YES;
				CLANG_WARN_UNGUARDED_AVAILABILITY = YES_AGGRESSIVE;
				CLANG_WARN_UNREACHABLE_CODE = YES;
				CLANG_WARN__DUPLICATE_METHOD_MATCH = YES;
				COPY_PHASE_STRIP = NO;
				DEBUG_INFORMATION_FORMAT = "dwarf-with-dsym";
				ENABLE_NS_ASSERTIONS = NO;
				ENABLE_STRICT_OBJC_MSGSEND = YES;
				GCC_C_LANGUAGE_STANDARD = gnu11;
				GCC_NO_COMMON_BLOCKS = YES;
				GCC_WARN_64_TO_32_BIT_CONVERSION = YES;
				GCC_WARN_ABOUT_RETURN_TYPE = YES_ERROR;
				GCC_WARN_UNDECLARED_SELECTOR = YES;
				GCC_WARN_UNINITIALIZED_AUTOS = YES_AGGRESSIVE;
				GCC_WARN_UNUSED_FUNCTION = YES;
				GCC_WARN_UNUSED_VARIABLE = YES;
				IPHONEOS_DEPLOYMENT_TARGET = 13.5;
				MTL_ENABLE_DEBUG_INFO = NO;
				MTL_FAST_MATH = YES;
				SDKROOT = iphoneos;
				SWIFT_COMPILATION_MODE = wholemodule;
				SWIFT_OPTIMIZATION_LEVEL = "-O";
				VALIDATE_PRODUCT = YES;
			};
			name = Release;
		};
		7FDB3DB7249257E3002B6620 /* Debug */ = {
			isa = XCBuildConfiguration;
			buildSettings = {
				ASSETCATALOG_COMPILER_APPICON_NAME = AppIcon;
				CODE_SIGN_STYLE = Automatic;
				INFOPLIST_FILE = Lesson1/Info.plist;
				LD_RUNPATH_SEARCH_PATHS = (
					"$(inherited)",
					"@executable_path/Frameworks",
				);
				PRODUCT_BUNDLE_IDENTIFIER = Intenseiv.Lesson1;
				PRODUCT_NAME = "$(TARGET_NAME)";
				SWIFT_VERSION = 5.0;
				TARGETED_DEVICE_FAMILY = "1,2";
			};
			name = Debug;
		};
		7FDB3DB8249257E3002B6620 /* Release */ = {
			isa = XCBuildConfiguration;
			buildSettings = {
				ASSETCATALOG_COMPILER_APPICON_NAME = AppIcon;
				CODE_SIGN_STYLE = Automatic;
				INFOPLIST_FILE = Lesson1/Info.plist;
				LD_RUNPATH_SEARCH_PATHS = (
					"$(inherited)",
					"@executable_path/Frameworks",
				);
				PRODUCT_BUNDLE_IDENTIFIER = Intenseiv.Lesson1;
				PRODUCT_NAME = "$(TARGET_NAME)";
				SWIFT_VERSION = 5.0;
				TARGETED_DEVICE_FAMILY = "1,2";
			};
			name = Release;
		};
/* End XCBuildConfiguration section */

/* Begin XCConfigurationList section */
		7FDB3D9D249257DD002B6620 /* Build configuration list for PBXProject "Lesson1" */ = {
			isa = XCConfigurationList;
			buildConfigurations = (
				7FDB3DB4249257E3002B6620 /* Debug */,
				7FDB3DB5249257E3002B6620 /* Release */,
			);
			defaultConfigurationIsVisible = 0;
			defaultConfigurationName = Release;
		};
		7FDB3DB6249257E3002B6620 /* Build configuration list for PBXNativeTarget "Lesson1" */ = {
			isa = XCConfigurationList;
			buildConfigurations = (
				7FDB3DB7249257E3002B6620 /* Debug */,
				7FDB3DB8249257E3002B6620 /* Release */,
			);
			defaultConfigurationIsVisible = 0;
			defaultConfigurationName = Release;
		};
/* End XCConfigurationList section */
	};
	rootObject = 7FDB3D9A249257DD002B6620 /* Project object */;
}
